<?xml version="1.0" encoding="utf-8"?>
<Project ToolsVersion="4.0" xmlns="http://schemas.microsoft.com/developer/msbuild/2003">
  <ItemGroup>
    <Filter Include="BaseCore">
      <UniqueIdentifier>{b79f291e-e215-458a-ac33-ff5add8ae96e}</UniqueIdentifier>
    </Filter>
    <Filter Include="KernelCore">
      <UniqueIdentifier>{fea00ee6-eb55-4eb8-b27f-b7e7693ded55}</UniqueIdentifier>
    </Filter>
    <Filter Include="FileCore">
      <UniqueIdentifier>{31889e32-d27b-41a4-a5e7-7a803d2f6d51}</UniqueIdentifier>
    </Filter>
    <Filter Include="KernelCore\Renderer">
      <UniqueIdentifier>{1d75ce36-dea7-47d5-bf1a-ef654985fc4e}</UniqueIdentifier>
    </Filter>
    <Filter Include="FileCore\ReaderWriter">
      <UniqueIdentifier>{5e444bc8-0636-4c75-ada0-4e56b5c27cb3}</UniqueIdentifier>
    </Filter>
  </ItemGroup>
  <ItemGroup>
    <ClCompile Include="BaseCore\Math.cpp">
      <Filter>BaseCore</Filter>
    </ClCompile>
    <ClCompile Include="BaseCore\Quaternion.cpp">
      <Filter>BaseCore</Filter>
    </ClCompile>
    <ClCompile Include="BaseCore\Vector2.cpp">
      <Filter>BaseCore</Filter>
    </ClCompile>
    <ClCompile Include="BaseCore\Vector3.cpp">
      <Filter>BaseCore</Filter>
    </ClCompile>
    <ClCompile Include="BaseCore\Vector4.cpp">
      <Filter>BaseCore</Filter>
    </ClCompile>
    <ClCompile Include="BaseCore\Matrix4.cpp">
      <Filter>BaseCore</Filter>
    </ClCompile>
    <ClCompile Include="BaseCore\Matrix3.cpp">
      <Filter>BaseCore</Filter>
    </ClCompile>
    <ClCompile Include="FileCore\Printer.cpp">
      <Filter>FileCore</Filter>
    </ClCompile>
    <ClCompile Include="KernelCore\Component.cpp">
      <Filter>KernelCore</Filter>
    </ClCompile>
    <ClCompile Include="KernelCore\EventDispatcher.cpp">
      <Filter>KernelCore</Filter>
    </ClCompile>
    <ClCompile Include="KernelCore\Visualiser.cpp">
      <Filter>KernelCore</Filter>
    </ClCompile>
    <ClCompile Include="KernelCore\Director.cpp">
      <Filter>KernelCore</Filter>
    </ClCompile>
    <ClCompile Include="KernelCore\Node.cpp">
      <Filter>KernelCore</Filter>
    </ClCompile>
    <ClCompile Include="KernelCore\Renderer.cpp">
      <Filter>KernelCore\Renderer</Filter>
    </ClCompile>
    <ClCompile Include="KernelCore\MeshRenderer.cpp">
      <Filter>KernelCore\Renderer</Filter>
    </ClCompile>
    <ClCompile Include="KernelCore\Transformer.cpp">
      <Filter>KernelCore</Filter>
    </ClCompile>
    <ClCompile Include="KernelCore\RenderQueue.cpp">
      <Filter>KernelCore\Renderer</Filter>
    </ClCompile>
    <ClCompile Include="FileCore\File.cpp">
      <Filter>FileCore</Filter>
    </ClCompile>
    <ClCompile Include="FileCore\FileReaderWriter.cpp">
      <Filter>FileCore\ReaderWriter</Filter>
    </ClCompile>
    <ClCompile Include="KernelCore\RenderableObject.cpp">
      <Filter>KernelCore</Filter>
    </ClCompile>
    <ClCompile Include="KernelCore\Mesh.cpp">
      <Filter>KernelCore</Filter>
    </ClCompile>
    <ClCompile Include="FileCore\FileReaderWriterVEM.cpp">
      <Filter>FileCore\ReaderWriter</Filter>
    </ClCompile>
    <ClCompile Include="KernelCore\Material.cpp">
      <Filter>KernelCore</Filter>
    </ClCompile>
    <ClCompile Include="KernelCore\Texture.cpp">
      <Filter>KernelCore</Filter>
    </ClCompile>
    <ClCompile Include="KernelCore\Image.cpp">
      <Filter>KernelCore</Filter>
    </ClCompile>
    <ClCompile Include="KernelCore\Shader.cpp">
      <Filter>KernelCore</Filter>
    </ClCompile>
    <ClCompile Include="FileCore\FileReaderWriterVEMTL.cpp">
      <Filter>FileCore\ReaderWriter</Filter>
    </ClCompile>
    <ClCompile Include="KernelCore\Camera.cpp">
      <Filter>KernelCore</Filter>
    </ClCompile>
    <ClCompile Include="FileCore\FileReaderWriterPNG.cpp">
      <Filter>FileCore\ReaderWriter</Filter>
    </ClCompile>
    <ClCompile Include="FileCore\FileReaderWriterJPEG.cpp">
      <Filter>FileCore\ReaderWriter</Filter>
    </ClCompile>
    <ClCompile Include="FileCore\FileReaderWriterEXR.cpp">
      <Filter>FileCore\ReaderWriter</Filter>
    </ClCompile>
    <ClCompile Include="KernelCore\Overlay.cpp">
      <Filter>KernelCore</Filter>
    </ClCompile>
    <ClCompile Include="KernelCore\OverlayRenderer.cpp">
      <Filter>KernelCore\Renderer</Filter>
    </ClCompile>
    <ClCompile Include="KernelCore\FrameBufferObject.cpp">
      <Filter>KernelCore</Filter>
    </ClCompile>
    <ClCompile Include="KernelCore\NodeVisitor.cpp">
      <Filter>KernelCore</Filter>
    </ClCompile>
    <ClCompile Include="KernelCore\TextureManager.cpp">
      <Filter>KernelCore</Filter>
    </ClCompile>
    <ClCompile Include="FileCore\FileReaderWriterCAMERA.cpp">
      <Filter>FileCore\ReaderWriter</Filter>
    </ClCompile>
    <ClCompile Include="KernelCore\Light.cpp">
      <Filter>KernelCore</Filter>
    </ClCompile>
    <ClCompile Include="KernelCore\Bone.cpp">
      <Filter>KernelCore</Filter>
    </ClCompile>
    <ClCompile Include="KernelCore\Animation.cpp">
      <Filter>KernelCore</Filter>
    </ClCompile>
    <ClCompile Include="FileCore\FileReaderWriterANIMATION.cpp">
      <Filter>FileCore\ReaderWriter</Filter>
    </ClCompile>
    <ClCompile Include="FileCore\FileReaderWriterLIGHT.cpp">
      <Filter>FileCore\ReaderWriter</Filter>
    </ClCompile>
    <ClCompile Include="KernelCore\Parameter.cpp">
      <Filter>KernelCore</Filter>
    </ClCompile>
  </ItemGroup>
  <ItemGroup>
    <ClInclude Include="BaseCore\Math.h">
      <Filter>BaseCore</Filter>
    </ClInclude>
    <ClInclude Include="BaseCore\Quaternion.h">
      <Filter>BaseCore</Filter>
    </ClInclude>
    <ClInclude Include="BaseCore\Vector2.h">
      <Filter>BaseCore</Filter>
    </ClInclude>
    <ClInclude Include="BaseCore\Vector3.h">
      <Filter>BaseCore</Filter>
    </ClInclude>
    <ClInclude Include="BaseCore\Vector4.h">
      <Filter>BaseCore</Filter>
    </ClInclude>
    <ClInclude Include="Export.h" />
    <ClInclude Include="Prerequisites.h" />
    <ClInclude Include="BaseCore\Matrix4.h">
      <Filter>BaseCore</Filter>
    </ClInclude>
    <ClInclude Include="BaseCore\Matrix3.h">
      <Filter>BaseCore</Filter>
    </ClInclude>
    <ClInclude Include="VoidEngine.h" />
    <ClInclude Include="FileCore\Printer.h">
      <Filter>FileCore</Filter>
    </ClInclude>
    <ClInclude Include="ReadMe" />
    <ClInclude Include="KernelCore\VE_Ptr.h">
      <Filter>KernelCore</Filter>
    </ClInclude>
    <ClInclude Include="KernelCore\Component.h">
      <Filter>KernelCore</Filter>
    </ClInclude>
    <ClInclude Include="KernelCore\Event.h">
      <Filter>KernelCore</Filter>
    </ClInclude>
    <ClInclude Include="KernelCore\EventDispatcher.h">
      <Filter>KernelCore</Filter>
    </ClInclude>
    <ClInclude Include="KernelCore\Visualiser.h">
      <Filter>KernelCore</Filter>
    </ClInclude>
    <ClInclude Include="KernelCore\Registrar.h">
      <Filter>KernelCore</Filter>
    </ClInclude>
    <ClInclude Include="KernelCore\IDGenerator.h">
      <Filter>KernelCore</Filter>
    </ClInclude>
    <ClInclude Include="KernelCore\Director.h">
      <Filter>KernelCore</Filter>
    </ClInclude>
    <ClInclude Include="KernelCore\Node.h">
      <Filter>KernelCore</Filter>
    </ClInclude>
    <ClInclude Include="KernelCore\Renderer.h">
      <Filter>KernelCore\Renderer</Filter>
    </ClInclude>
    <ClInclude Include="KernelCore\MeshRenderer.h">
      <Filter>KernelCore\Renderer</Filter>
    </ClInclude>
    <ClInclude Include="KernelCore\Transformer.h">
      <Filter>KernelCore</Filter>
    </ClInclude>
    <ClInclude Include="KernelCore\RenderCommand.h">
      <Filter>KernelCore\Renderer</Filter>
    </ClInclude>
    <ClInclude Include="KernelCore\RenderQueue.h">
      <Filter>KernelCore\Renderer</Filter>
    </ClInclude>
    <ClInclude Include="KernelCore\LoopQueue.h">
      <Filter>KernelCore</Filter>
    </ClInclude>
    <ClInclude Include="FileCore\File.h">
      <Filter>FileCore</Filter>
    </ClInclude>
    <ClInclude Include="FileCore\FileReaderWriter.h">
      <Filter>FileCore\ReaderWriter</Filter>
    </ClInclude>
    <ClInclude Include="KernelCore\RenderableObject.h">
      <Filter>KernelCore</Filter>
    </ClInclude>
    <ClInclude Include="KernelCore\Mesh.h">
      <Filter>KernelCore</Filter>
    </ClInclude>
    <ClInclude Include="BaseCore\Array.h">
      <Filter>BaseCore</Filter>
    </ClInclude>
    <ClInclude Include="Constants.h" />
    <ClInclude Include="KernelCore\Material.h">
      <Filter>KernelCore</Filter>
    </ClInclude>
    <ClInclude Include="KernelCore\Texture.h">
      <Filter>KernelCore</Filter>
    </ClInclude>
    <ClInclude Include="KernelCore\Image.h">
      <Filter>KernelCore</Filter>
    </ClInclude>
    <ClInclude Include="KernelCore\Shader.h">
      <Filter>KernelCore</Filter>
    </ClInclude>
    <ClInclude Include="KernelCore\Camera.h">
      <Filter>KernelCore</Filter>
    </ClInclude>
    <ClInclude Include="KernelCore\Overlay.h">
      <Filter>KernelCore</Filter>
    </ClInclude>
    <ClInclude Include="KernelCore\OverlayRenderer.h">
      <Filter>KernelCore\Renderer</Filter>
    </ClInclude>
    <ClInclude Include="KernelCore\FrameBufferObject.h">
      <Filter>KernelCore</Filter>
    </ClInclude>
    <ClInclude Include="KernelCore\NodeVisitor.h">
      <Filter>KernelCore</Filter>
    </ClInclude>
    <ClInclude Include="KernelCore\TextureManager.h">
      <Filter>KernelCore</Filter>
    </ClInclude>
    <ClInclude Include="KernelCore\Light.h">
      <Filter>KernelCore</Filter>
    </ClInclude>
    <ClInclude Include="KernelCore\Bone.h">
      <Filter>KernelCore</Filter>
    </ClInclude>
    <ClInclude Include="KernelCore\Animation.h">
      <Filter>KernelCore</Filter>
    </ClInclude>
    <ClInclude Include="KernelCore\ShaderDefinationGenerator.h">
      <Filter>KernelCore</Filter>
    </ClInclude>
    <ClInclude Include="KernelCore\Parameter.h">
      <Filter>KernelCore</Filter>
    </ClInclude>
  </ItemGroup>
</Project>