<?xml version="1.0" encoding="utf-8"?>
<Project ToolsVersion="4.0" xmlns="http://schemas.microsoft.com/developer/msbuild/2003">
  <ItemGroup>
    <Filter Include="BaseCore">
      <UniqueIdentifier>{b79f291e-e215-458a-ac33-ff5add8ae96e}</UniqueIdentifier>
    </Filter>
    <Filter Include="KernelCore">
      <UniqueIdentifier>{fea00ee6-eb55-4eb8-b27f-b7e7693ded55}</UniqueIdentifier>
    </Filter>
    <Filter Include="FileCore">
      <UniqueIdentifier>{31889e32-d27b-41a4-a5e7-7a803d2f6d51}</UniqueIdentifier>
    </Filter>
  </ItemGroup>
  <ItemGroup>
    <ClCompile Include="BaseCore\Math.cpp">
      <Filter>BaseCore</Filter>
    </ClCompile>
    <ClCompile Include="BaseCore\Quaternion.cpp">
      <Filter>BaseCore</Filter>
    </ClCompile>
    <ClCompile Include="BaseCore\Vector2.cpp">
      <Filter>BaseCore</Filter>
    </ClCompile>
    <ClCompile Include="BaseCore\Vector3.cpp">
      <Filter>BaseCore</Filter>
    </ClCompile>
    <ClCompile Include="BaseCore\Vector4.cpp">
      <Filter>BaseCore</Filter>
    </ClCompile>
    <ClCompile Include="BaseCore\Matrix4.cpp">
      <Filter>BaseCore</Filter>
    </ClCompile>
    <ClCompile Include="BaseCore\Matrix3.cpp">
      <Filter>BaseCore</Filter>
    </ClCompile>
    <ClCompile Include="FileCore\Printer.cpp">
      <Filter>FileCore</Filter>
    </ClCompile>
    <ClCompile Include="KernelCore\Renderer.cpp">
      <Filter>KernelCore</Filter>
    </ClCompile>
    <ClCompile Include="KernelCore\Component.cpp">
      <Filter>KernelCore</Filter>
    </ClCompile>
    <ClCompile Include="KernelCore\Inputer.cpp">
      <Filter>KernelCore</Filter>
    </ClCompile>
    <ClCompile Include="KernelCore\EventDispatcher.cpp">
      <Filter>KernelCore</Filter>
    </ClCompile>
    <ClCompile Include="KernelCore\Visualiser.cpp">
      <Filter>KernelCore</Filter>
    </ClCompile>
    <ClCompile Include="KernelCore\Director.cpp">
      <Filter>KernelCore</Filter>
    </ClCompile>
    <ClCompile Include="KernelCore\Node.cpp">
      <Filter>KernelCore</Filter>
    </ClCompile>
  </ItemGroup>
  <ItemGroup>
    <ClInclude Include="BaseCore\Math.h">
      <Filter>BaseCore</Filter>
    </ClInclude>
    <ClInclude Include="BaseCore\Quaternion.h">
      <Filter>BaseCore</Filter>
    </ClInclude>
    <ClInclude Include="BaseCore\Vector2.h">
      <Filter>BaseCore</Filter>
    </ClInclude>
    <ClInclude Include="BaseCore\Vector3.h">
      <Filter>BaseCore</Filter>
    </ClInclude>
    <ClInclude Include="BaseCore\Vector4.h">
      <Filter>BaseCore</Filter>
    </ClInclude>
    <ClInclude Include="Export.h" />
    <ClInclude Include="Prerequisites.h" />
    <ClInclude Include="BaseCore\Matrix4.h">
      <Filter>BaseCore</Filter>
    </ClInclude>
    <ClInclude Include="BaseCore\Matrix3.h">
      <Filter>BaseCore</Filter>
    </ClInclude>
    <ClInclude Include="VoidEngine.h" />
    <ClInclude Include="FileCore\Printer.h">
      <Filter>FileCore</Filter>
    </ClInclude>
    <ClInclude Include="ReadMe" />
    <ClInclude Include="KernelCore\Renderer.h">
      <Filter>KernelCore</Filter>
    </ClInclude>
    <ClInclude Include="KernelCore\VE_Ptr.h">
      <Filter>KernelCore</Filter>
    </ClInclude>
    <ClInclude Include="KernelCore\Component.h">
      <Filter>KernelCore</Filter>
    </ClInclude>
    <ClInclude Include="KernelCore\Inputer.h">
      <Filter>KernelCore</Filter>
    </ClInclude>
    <ClInclude Include="KernelCore\Event.h">
      <Filter>KernelCore</Filter>
    </ClInclude>
    <ClInclude Include="KernelCore\EventDispatcher.h">
      <Filter>KernelCore</Filter>
    </ClInclude>
    <ClInclude Include="KernelCore\Visualiser.h">
      <Filter>KernelCore</Filter>
    </ClInclude>
    <ClInclude Include="KernelCore\Registrar.h">
      <Filter>KernelCore</Filter>
    </ClInclude>
    <ClInclude Include="KernelCore\IDGenerator.h">
      <Filter>KernelCore</Filter>
    </ClInclude>
    <ClInclude Include="KernelCore\Director.h">
      <Filter>KernelCore</Filter>
    </ClInclude>
    <ClInclude Include="KernelCore\Node.h">
      <Filter>KernelCore</Filter>
    </ClInclude>
  </ItemGroup>
</Project>