<?xml version="1.0" encoding="utf-8"?>
<Project ToolsVersion="4.0" xmlns="http://schemas.microsoft.com/developer/msbuild/2003">
  <ItemGroup>
    <Filter Include="BaseTest">
      <UniqueIdentifier>{17989331-9845-4c46-9491-f442423d023e}</UniqueIdentifier>
    </Filter>
  </ItemGroup>
  <ItemGroup>
    <ClCompile Include="main.cpp" />
  </ItemGroup>
  <ItemGroup>
    <ClInclude Include="BaseTest\BaseTest.h">
      <Filter>BaseTest</Filter>
    </ClInclude>
  </ItemGroup>
</Project>